# THIS IS AN AUTOGENERATED FILE. DO NOT EDIT THIS FILE DIRECTLY.
# yarn lockfile v1


"@galenjiang/my-repo-2@^1.0.1":
  version "1.0.3"
  resolved "https://registry.yarnpkg.com/@galenjiang/my-repo-2/-/my-repo-2-1.0.3.tgz#a6caaa19b767895577edbee26c3ae84082a0101a"
  integrity sha512-bqwMm+Z8N4vTUyUk3Xzcs0O2jDgCAImFkOPUCA2cd+M0Ul40XD55h96f6AylpfveUhatySmlpymtn2uumyML6g==
  dependencies:
    "@galenjiang/my-repo-3" "^1.0.1"
    "@galenjiang/my-repo-4" "^1.0.1"

"@galenjiang/my-repo-3@^1.0.1":
  version "1.0.1"
  resolved "https://registry.yarnpkg.com/@galenjiang/my-repo-3/-/my-repo-3-1.0.1.tgz#1c6f66e91db71afd348198f0658b5218085c4b40"
  integrity sha512-S5JJ04PRh7VQV9XAFJyaA2M9Pg0Pc+DGeP1I3CF9jD5//3SFHBU5b/vRc1VVIvVkZDoQoujaqmiFxzU0iXjElA==

"@galenjiang/my-repo-4@1.0.0":
  version "1.0.0"
  resolved "https://registry.yarnpkg.com/@galenjiang/my-repo-4/-/my-repo-4-1.0.0.tgz#2a8843d418f9ae57c595802b342cadcca7a25d73"
  integrity sha512-WT7Z1qVFIlKD51Xi18QBJlW7x2rEe9BXZwXyk2YndE3Gg25J+4uRj7DodkestllLucAbYuLu1/ynQSVz8ma4vw==

"@galenjiang/my-repo-4@^1.0.1":
  version "1.0.1"
  resolved "https://registry.yarnpkg.com/@galenjiang/my-repo-4/-/my-repo-4-1.0.1.tgz#9d3ec726febd075aa1631c72192d73e992650802"
  integrity sha512-jAtcvaiPPqHKi7GHbIlMZWpo8ESVKuBJtCeSNFJyezh4QvCBhL9OkGY9wkwmeL4jKzTkNumo/ml82D4Oorno9g==
